
Microsoft Visual Studio Solution File, Format Version 12.00
# Visual Studio Version 17
VisualStudioVersion = 17.10.35013.160
MinimumVisualStudioVersion = 10.0.40219.1
Project("{FAE04EC0-301F-11D3-BF4B-00C04F79EFBC}") = "BulkyWeb", "BulkyWeb\BulkyWeb.csproj", "{2359ED6D-BFB5-4BC8-8A50-8AC55F6D3F90}"
EndProject
Global
	GlobalSection(SolutionConfigurationPlatforms) = preSolution
		Debug|Any CPU = Debug|Any CPU
		Release|Any CPU = Release|Any CPU
	EndGlobalSection
	GlobalSection(ProjectConfigurationPlatforms) = postSolution
		{2359ED6D-BFB5-4BC8-8A50-8AC55F6D3F90}.Debug|Any CPU.ActiveCfg = Debug|Any CPU
		{2359ED6D-BFB5-4BC8-8A50-8AC55F6D3F90}.Debug|Any CPU.Build.0 = Debug|Any CPU
		{2359ED6D-BFB5-4BC8-8A50-8AC55F6D3F90}.Release|Any CPU.ActiveCfg = Release|Any CPU
		{2359ED6D-BFB5-4BC8-8A50-8AC55F6D3F90}.Release|Any CPU.Build.0 = Release|Any CPU
	EndGlobalSection
	GlobalSection(SolutionProperties) = preSolution
		HideSolutionNode = FALSE
	EndGlobalSection
	GlobalSection(ExtensibilityGlobals) = postSolution
		SolutionGuid = {AEC50488-99A4-47D0-81FA-4898DE5814C3}
	EndGlobalSection
EndGlobal
